
Microsoft Visual Studio Solution File, Format Version 12.00
# Visual Studio Version 17
VisualStudioVersion = 17.9.34728.123
MinimumVisualStudioVersion = 10.0.40219.1
Project("{9A19103F-16F7-4668-BE54-9A1E7A4F7556}") = "QuestionDB", "D:\Survey Configurator\Survey-Configurator\Survey Configurator\Database\QuestionDB.csproj", "{4D431757-6659-4E0F-8713-BA9BE6D98304}"
EndProject
Project("{9A19103F-16F7-4668-BE54-9A1E7A4F7556}") = "QuestionServices", "D:\Survey Configurator\Survey-Configurator\Survey Configurator\Logic\QuestionServices.csproj", "{16B9AA38-BB66-4F26-A393-A358D3EAF18E}"
EndProject
Project("{9A19103F-16F7-4668-BE54-9A1E7A4F7556}") = "SharedResources", "D:\Survey Configurator\Survey-Configurator\Survey Configurator\SharedResources\SharedResources.csproj", "{42CF665D-C607-4527-B555-BF2D00923AFB}"
EndProject
Project("{FAE04EC0-301F-11D3-BF4B-00C04F79EFBC}") = "Survey Configurator - MVC", "Survey Configurator - MVC\Survey Configurator - MVC.csproj", "{E49E877F-FD27-434B-BA85-EAF7681610C2}"
EndProject
Global
	GlobalSection(SolutionConfigurationPlatforms) = preSolution
		Debug|Any CPU = Debug|Any CPU
		Release|Any CPU = Release|Any CPU
	EndGlobalSection
	GlobalSection(ProjectConfigurationPlatforms) = postSolution
		{4D431757-6659-4E0F-8713-BA9BE6D98304}.Debug|Any CPU.ActiveCfg = Debug|Any CPU
		{4D431757-6659-4E0F-8713-BA9BE6D98304}.Debug|Any CPU.Build.0 = Debug|Any CPU
		{4D431757-6659-4E0F-8713-BA9BE6D98304}.Release|Any CPU.ActiveCfg = Release|Any CPU
		{4D431757-6659-4E0F-8713-BA9BE6D98304}.Release|Any CPU.Build.0 = Release|Any CPU
		{16B9AA38-BB66-4F26-A393-A358D3EAF18E}.Debug|Any CPU.ActiveCfg = Debug|Any CPU
		{16B9AA38-BB66-4F26-A393-A358D3EAF18E}.Debug|Any CPU.Build.0 = Debug|Any CPU
		{16B9AA38-BB66-4F26-A393-A358D3EAF18E}.Release|Any CPU.ActiveCfg = Release|Any CPU
		{16B9AA38-BB66-4F26-A393-A358D3EAF18E}.Release|Any CPU.Build.0 = Release|Any CPU
		{42CF665D-C607-4527-B555-BF2D00923AFB}.Debug|Any CPU.ActiveCfg = Debug|Any CPU
		{42CF665D-C607-4527-B555-BF2D00923AFB}.Debug|Any CPU.Build.0 = Debug|Any CPU
		{42CF665D-C607-4527-B555-BF2D00923AFB}.Release|Any CPU.ActiveCfg = Release|Any CPU
		{42CF665D-C607-4527-B555-BF2D00923AFB}.Release|Any CPU.Build.0 = Release|Any CPU
		{E49E877F-FD27-434B-BA85-EAF7681610C2}.Debug|Any CPU.ActiveCfg = Debug|Any CPU
		{E49E877F-FD27-434B-BA85-EAF7681610C2}.Debug|Any CPU.Build.0 = Debug|Any CPU
		{E49E877F-FD27-434B-BA85-EAF7681610C2}.Release|Any CPU.ActiveCfg = Release|Any CPU
		{E49E877F-FD27-434B-BA85-EAF7681610C2}.Release|Any CPU.Build.0 = Release|Any CPU
	EndGlobalSection
	GlobalSection(SolutionProperties) = preSolution
		HideSolutionNode = FALSE
	EndGlobalSection
	GlobalSection(ExtensibilityGlobals) = postSolution
		SolutionGuid = {1B65D53E-899A-4D9B-A293-2E50419768B8}
	EndGlobalSection
EndGlobal
